PODS:
  - UIBot (0.3.0):
    - UIBot/Core (= 0.3.0)
  - UIBot/Core (0.3.0)

DEPENDENCIES:
  - UIBot (from `../`)

EXTERNAL SOURCES:
  UIBot:
    :path: "../"

SPEC CHECKSUMS:
  UIBot: 96916187c7b76d507e8ed6faa878d24f470192dc

PODFILE CHECKSUM: 5784d3ac43781affe9a88f8e362a0b454f559bf0

COCOAPODS: 1.9.3
